
Microsoft Visual Studio Solution File, Format Version 12.00
# Visual Studio 2012
Project("{FAE04EC0-301F-11D3-BF4B-00C04F79EFBC}") = "Jubeat Controller Receiver", "Jubeat Controller Receiver\Jubeat Controller Receiver.csproj", "{78F73A28-C812-4762-AA06-4383F15DAED4}"
EndProject
Global
	GlobalSection(SolutionConfigurationPlatforms) = preSolution
		Debug|Any CPU = Debug|Any CPU
		Release|Any CPU = Release|Any CPU
	EndGlobalSection
	GlobalSection(ProjectConfigurationPlatforms) = postSolution
		{78F73A28-C812-4762-AA06-4383F15DAED4}.Debug|Any CPU.ActiveCfg = Debug|Any CPU
		{78F73A28-C812-4762-AA06-4383F15DAED4}.Debug|Any CPU.Build.0 = Debug|Any CPU
		{78F73A28-C812-4762-AA06-4383F15DAED4}.Release|Any CPU.ActiveCfg = Release|Any CPU
		{78F73A28-C812-4762-AA06-4383F15DAED4}.Release|Any CPU.Build.0 = Release|Any CPU
	EndGlobalSection
	GlobalSection(SolutionProperties) = preSolution
		HideSolutionNode = FALSE
	EndGlobalSection
EndGlobal
